# This file is automatically @generated by Cargo.
# It is not intended for manual editing.
version = 3

[[package]]
name = "anyhow"
version = "1.0.75"
source = "registry+https://github.com/rust-lang/crates.io-index"
checksum = "a4668cab20f66d8d020e1fbc0ebe47217433c1b6c8f2040faf858554e394ace6"

[[package]]
name = "autocfg"
version = "1.1.0"
source = "registry+https://github.com/rust-lang/crates.io-index"
checksum = "d468802bab17cbc0cc575e9b053f41e72aa36bfa6b7f55e3529ffa43161b97fa"

[[package]]
name = "bit_field"
version = "0.10.2"
source = "registry+https://github.com/rust-lang/crates.io-index"
checksum = "dc827186963e592360843fb5ba4b973e145841266c1357f7180c43526f2e5b61"

[[package]]
name = "bitflags"
version = "1.3.2"
source = "registry+https://github.com/rust-lang/crates.io-index"
checksum = "bef38d45163c2f1dde094a7dfd33ccf595c92905c8f8f4fdc18d06fb1037718a"

[[package]]
name = "bitflags"
version = "2.4.0"
source = "registry+https://github.com/rust-lang/crates.io-index"
checksum = "b4682ae6287fcf752ecaabbfcc7b6f9b72aa33933dc23a554d853aea8eea8635"

[[package]]
name = "derive_more"
version = "0.99.17"
source = "registry+https://github.com/rust-lang/crates.io-index"
checksum = "4fb810d30a7c1953f91334de7244731fc3f3c10d7fe163338a35b9f640960321"
dependencies = [
 "proc-macro2",
 "quote",
 "syn",
]

[[package]]
name = "either"
version = "1.9.0"
source = "registry+https://github.com/rust-lang/crates.io-index"
checksum = "a26ae43d7bcc3b814de94796a5e736d4029efb0ee900c12e2d54c993ad1a1e07"

[[package]]
name = "elf_rs"
version = "0.3.0"
source = "registry+https://github.com/rust-lang/crates.io-index"
checksum = "9cf723f70efb0373c0b2501d943cf20ac1adbbd8e7c8eef926b2be545e5a33e8"
dependencies = [
 "bitflags 1.3.2",
 "num-traits",
]

[[package]]
name = "good_memory_allocator"
version = "0.1.7"
source = "registry+https://github.com/rust-lang/crates.io-index"
checksum = "b1651659e016ea4259760966432aebcc96c81e26743fb018c59585ddd677127e"
dependencies = [
 "either",
 "spin",
]

[[package]]
name = "lock_api"
version = "0.4.10"
source = "registry+https://github.com/rust-lang/crates.io-index"
checksum = "c1cc9717a20b1bb222f333e6a92fd32f7d8a18ddc5a3191a11af45dcbf4dcd16"
dependencies = [
 "autocfg",
 "scopeguard",
]

[[package]]
name = "log"
version = "0.4.20"
source = "registry+https://github.com/rust-lang/crates.io-index"
checksum = "b5e6163cb8c49088c2c36f57875e58ccd8c87c7427f7fbd50ea6710b2f3f2e8f"

[[package]]
name = "multiboot"
version = "0.8.0"
source = "registry+https://github.com/rust-lang/crates.io-index"
checksum = "f87ad3b7b7bcf5da525c22221e3eb3a020cd68b2d55ae62f629c15e8bc3bd56e"
dependencies = [
 "paste",
]

[[package]]
name = "multiboot2"
version = "0.16.0"
source = "registry+https://github.com/rust-lang/crates.io-index"
checksum = "4b624a7b3f704734d98d21455b617607eb7043d4509d1c34bf9e7ff7dd47b31a"
dependencies = [
 "bitflags 2.4.0",
 "derive_more",
 "log",
 "ptr_meta",
 "uefi-raw",
]

[[package]]
name = "multiboot2"
version = "0.18.1"
dependencies = [
 "bitflags 2.4.0",
 "derive_more",
 "log",
 "ptr_meta",
 "uefi-raw",
]

[[package]]
name = "multiboot2-header"
version = "0.3.1"
dependencies = [
 "derive_more",
 "multiboot2 0.16.0",
]

[[package]]
name = "multiboot2_chainloader"
version = "0.1.0"
dependencies = [
 "anyhow",
 "elf_rs",
 "good_memory_allocator",
 "log",
 "multiboot",
 "multiboot2 0.18.1",
 "multiboot2-header",
 "util",
]

[[package]]
name = "multiboot2_payload"
version = "0.1.0"
dependencies = [
 "anyhow",
 "good_memory_allocator",
 "log",
 "multiboot2 0.18.1",
 "util",
 "x86",
]

[[package]]
name = "num-traits"
version = "0.2.16"
source = "registry+https://github.com/rust-lang/crates.io-index"
checksum = "f30b0abd723be7e2ffca1272140fac1a2f084c77ec3e123c192b66af1ee9e6c2"
dependencies = [
 "autocfg",
]

[[package]]
name = "paste"
version = "1.0.14"
source = "registry+https://github.com/rust-lang/crates.io-index"
checksum = "de3145af08024dea9fa9914f381a17b8fc6034dfb00f3a84013f7ff43f29ed4c"

[[package]]
name = "proc-macro2"
version = "1.0.67"
source = "registry+https://github.com/rust-lang/crates.io-index"
checksum = "3d433d9f1a3e8c1263d9456598b16fec66f4acc9a74dacffd35c7bb09b3a1328"
dependencies = [
 "unicode-ident",
]

[[package]]
name = "ptr_meta"
version = "0.2.0"
source = "registry+https://github.com/rust-lang/crates.io-index"
checksum = "bcada80daa06c42ed5f48c9a043865edea5dc44cbf9ac009fda3b89526e28607"
dependencies = [
 "ptr_meta_derive",
]

[[package]]
name = "ptr_meta_derive"
version = "0.2.0"
source = "registry+https://github.com/rust-lang/crates.io-index"
checksum = "bca9224df2e20e7c5548aeb5f110a0f3b77ef05f8585139b7148b59056168ed2"
dependencies = [
 "proc-macro2",
 "quote",
 "syn",
]

[[package]]
name = "qemu-exit"
version = "3.0.2"
source = "registry+https://github.com/rust-lang/crates.io-index"
checksum = "8bb0fd6580eeed0103c054e3fba2c2618ff476943762f28a645b63b8692b21c9"

[[package]]
name = "quote"
version = "1.0.33"
source = "registry+https://github.com/rust-lang/crates.io-index"
checksum = "5267fca4496028628a95160fc423a33e8b2e6af8a5302579e322e4b520293cae"
dependencies = [
 "proc-macro2",
]

[[package]]
name = "raw-cpuid"
version = "10.7.0"
source = "registry+https://github.com/rust-lang/crates.io-index"
checksum = "6c297679cb867470fa8c9f67dbba74a78d78e3e98d7cf2b08d6d71540f797332"
dependencies = [
 "bitflags 1.3.2",
]

[[package]]
name = "scopeguard"
version = "1.2.0"
source = "registry+https://github.com/rust-lang/crates.io-index"
checksum = "94143f37725109f92c262ed2cf5e59bce7498c01bcc1502d7b9afe439a4e9f49"

[[package]]
name = "spin"
version = "0.9.8"
source = "registry+https://github.com/rust-lang/crates.io-index"
checksum = "6980e8d7511241f8acf4aebddbb1ff938df5eebe98691418c4468d0b72a96a67"
dependencies = [
 "lock_api",
]

[[package]]
name = "syn"
version = "1.0.109"
source = "registry+https://github.com/rust-lang/crates.io-index"
checksum = "72b64191b275b66ffe2469e8af2c1cfe3bafa67b529ead792a6d0160888b4237"
dependencies = [
 "proc-macro2",
 "quote",
 "unicode-ident",
]

[[package]]
name = "uefi-raw"
version = "0.3.0"
source = "registry+https://github.com/rust-lang/crates.io-index"
checksum = "62642516099c6441a5f41b0da8486d5fc3515a0603b0fdaea67b31600e22082e"
dependencies = [
 "bitflags 2.4.0",
 "ptr_meta",
 "uguid",
]

[[package]]
name = "uguid"
version = "2.0.1"
source = "registry+https://github.com/rust-lang/crates.io-index"
checksum = "16dfbd255defbd727b3a30e8950695d2e6d045841ee250ff0f1f7ced17917f8d"

[[package]]
name = "unicode-ident"
version = "1.0.12"
source = "registry+https://github.com/rust-lang/crates.io-index"
checksum = "3354b9ac3fae1ff6755cb6db53683adb661634f67557942dea4facebec0fee4b"

[[package]]
name = "util"
version = "0.1.0"
dependencies = [
 "good_memory_allocator",
 "log",
 "qemu-exit",
]

[[package]]
name = "x86"
version = "0.52.0"
source = "registry+https://github.com/rust-lang/crates.io-index"
checksum = "2781db97787217ad2a2845c396a5efe286f87467a5810836db6d74926e94a385"
dependencies = [
 "bit_field",
 "bitflags 1.3.2",
 "raw-cpuid",
]
